
Microsoft Visual Studio Solution File, Format Version 12.00
# Visual Studio 15
VisualStudioVersion = 15.0.28307.106
MinimumVisualStudioVersion = 10.0.40219.1
Project("{FAE04EC0-301F-11D3-BF4B-00C04F79EFBC}") = "ArraysExercise", "ArraysExercise\ArraysExercise.csproj", "{CC6E6407-A25F-4AB2-8443-1DD69026A60D}"
EndProject
Global
	GlobalSection(SolutionConfigurationPlatforms) = preSolution
		Debug|Any CPU = Debug|Any CPU
		Release|Any CPU = Release|Any CPU
	EndGlobalSection
	GlobalSection(ProjectConfigurationPlatforms) = postSolution
		{CC6E6407-A25F-4AB2-8443-1DD69026A60D}.Debug|Any CPU.ActiveCfg = Debug|Any CPU
		{CC6E6407-A25F-4AB2-8443-1DD69026A60D}.Debug|Any CPU.Build.0 = Debug|Any CPU
		{CC6E6407-A25F-4AB2-8443-1DD69026A60D}.Release|Any CPU.ActiveCfg = Release|Any CPU
		{CC6E6407-A25F-4AB2-8443-1DD69026A60D}.Release|Any CPU.Build.0 = Release|Any CPU
	EndGlobalSection
	GlobalSection(SolutionProperties) = preSolution
		HideSolutionNode = FALSE
	EndGlobalSection
	GlobalSection(ExtensibilityGlobals) = postSolution
		SolutionGuid = {4617660F-E385-4FB9-9D21-A071D1E8E38D}
	EndGlobalSection
EndGlobal
